// !$*UTF8*$!
{
	archiveVersion = 1;
	classes = {
	};
	objectVersion = 56;
	objects = {

/* Begin PBXBuildFile section */
		59BFBB212A7A5B1C00888F9B /* instagram_cloneApp.swift in Sources */ = {isa = PBXBuildFile; fileRef = 59BFBB202A7A5B1C00888F9B /* instagram_cloneApp.swift */; };
		59BFBB232A7A5B1C00888F9B /* ContentView.swift in Sources */ = {isa = PBXBuildFile; fileRef = 59BFBB222A7A5B1C00888F9B /* ContentView.swift */; };
		59BFBB252A7A5B1D00888F9B /* Assets.xcassets in Resources */ = {isa = PBXBuildFile; fileRef = 59BFBB242A7A5B1D00888F9B /* Assets.xcassets */; };
		59BFBB282A7A5B1D00888F9B /* Preview Assets.xcassets in Resources */ = {isa = PBXBuildFile; fileRef = 59BFBB272A7A5B1D00888F9B /* Preview Assets.xcassets */; };
		59BFBB322A7A5B1D00888F9B /* instagram_cloneTests.swift in Sources */ = {isa = PBXBuildFile; fileRef = 59BFBB312A7A5B1D00888F9B /* instagram_cloneTests.swift */; };
		59BFBB3C2A7A5B1D00888F9B /* instagram_cloneUITests.swift in Sources */ = {isa = PBXBuildFile; fileRef = 59BFBB3B2A7A5B1D00888F9B /* instagram_cloneUITests.swift */; };
		59BFBB3E2A7A5B1D00888F9B /* instagram_cloneUITestsLaunchTests.swift in Sources */ = {isa = PBXBuildFile; fileRef = 59BFBB3D2A7A5B1D00888F9B /* instagram_cloneUITestsLaunchTests.swift */; };
		59BFBB512A7CB29700888F9B /* SearchView.swift in Sources */ = {isa = PBXBuildFile; fileRef = 59BFBB502A7CB29700888F9B /* SearchView.swift */; };
		59BFBB532A7CB2A900888F9B /* ShotsView.swift in Sources */ = {isa = PBXBuildFile; fileRef = 59BFBB522A7CB2A900888F9B /* ShotsView.swift */; };
		59BFBB552A7CB2B200888F9B /* ShopView.swift in Sources */ = {isa = PBXBuildFile; fileRef = 59BFBB542A7CB2B200888F9B /* ShopView.swift */; };
		59BFBB572A7CB2BA00888F9B /* MyPageView.swift in Sources */ = {isa = PBXBuildFile; fileRef = 59BFBB562A7CB2BA00888F9B /* MyPageView.swift */; };
		59BFBB592A7CC74600888F9B /* MainView.swift in Sources */ = {isa = PBXBuildFile; fileRef = 59BFBB582A7CC74600888F9B /* MainView.swift */; };
		59BFBB5B2A7CE21C00888F9B /* StoryView.swift in Sources */ = {isa = PBXBuildFile; fileRef = 59BFBB5A2A7CE21C00888F9B /* StoryView.swift */; };
/* End PBXBuildFile section */

/* Begin PBXContainerItemProxy section */
		59BFBB2E2A7A5B1D00888F9B /* PBXContainerItemProxy */ = {
			isa = PBXContainerItemProxy;
			containerPortal = 59BFBB152A7A5B1C00888F9B /* Project object */;
			proxyType = 1;
			remoteGlobalIDString = 59BFBB1C2A7A5B1C00888F9B;
			remoteInfo = instagram_clone;
		};
		59BFBB382A7A5B1D00888F9B /* PBXContainerItemProxy */ = {
			isa = PBXContainerItemProxy;
			containerPortal = 59BFBB152A7A5B1C00888F9B /* Project object */;
			proxyType = 1;
			remoteGlobalIDString = 59BFBB1C2A7A5B1C00888F9B;
			remoteInfo = instagram_clone;
		};
/* End PBXContainerItemProxy section */

/* Begin PBXFileReference section */
		59BFBB1D2A7A5B1C00888F9B /* instagram_clone.app */ = {isa = PBXFileReference; explicitFileType = wrapper.application; includeInIndex = 0; path = instagram_clone.app; sourceTree = BUILT_PRODUCTS_DIR; };
		59BFBB202A7A5B1C00888F9B /* instagram_cloneApp.swift */ = {isa = PBXFileReference; lastKnownFileType = sourcecode.swift; path = instagram_cloneApp.swift; sourceTree = "<group>"; };
		59BFBB222A7A5B1C00888F9B /* ContentView.swift */ = {isa = PBXFileReference; lastKnownFileType = sourcecode.swift; path = ContentView.swift; sourceTree = "<group>"; };
		59BFBB242A7A5B1D00888F9B /* Assets.xcassets */ = {isa = PBXFileReference; lastKnownFileType = folder.assetcatalog; path = Assets.xcassets; sourceTree = "<group>"; };
		59BFBB272A7A5B1D00888F9B /* Preview Assets.xcassets */ = {isa = PBXFileReference; lastKnownFileType = folder.assetcatalog; path = "Preview Assets.xcassets"; sourceTree = "<group>"; };
		59BFBB2D2A7A5B1D00888F9B /* instagram_cloneTests.xctest */ = {isa = PBXFileReference; explicitFileType = wrapper.cfbundle; includeInIndex = 0; path = instagram_cloneTests.xctest; sourceTree = BUILT_PRODUCTS_DIR; };
		59BFBB312A7A5B1D00888F9B /* instagram_cloneTests.swift */ = {isa = PBXFileReference; lastKnownFileType = sourcecode.swift; path = instagram_cloneTests.swift; sourceTree = "<group>"; };
		59BFBB372A7A5B1D00888F9B /* instagram_cloneUITests.xctest */ = {isa = PBXFileReference; explicitFileType = wrapper.cfbundle; includeInIndex = 0; path = instagram_cloneUITests.xctest; sourceTree = BUILT_PRODUCTS_DIR; };
		59BFBB3B2A7A5B1D00888F9B /* instagram_cloneUITests.swift */ = {isa = PBXFileReference; lastKnownFileType = sourcecode.swift; path = instagram_cloneUITests.swift; sourceTree = "<group>"; };
		59BFBB3D2A7A5B1D00888F9B /* instagram_cloneUITestsLaunchTests.swift */ = {isa = PBXFileReference; lastKnownFileType = sourcecode.swift; path = instagram_cloneUITestsLaunchTests.swift; sourceTree = "<group>"; };
		59BFBB502A7CB29700888F9B /* SearchView.swift */ = {isa = PBXFileReference; lastKnownFileType = sourcecode.swift; path = SearchView.swift; sourceTree = "<group>"; };
		59BFBB522A7CB2A900888F9B /* ShotsView.swift */ = {isa = PBXFileReference; lastKnownFileType = sourcecode.swift; path = ShotsView.swift; sourceTree = "<group>"; };
		59BFBB542A7CB2B200888F9B /* ShopView.swift */ = {isa = PBXFileReference; lastKnownFileType = sourcecode.swift; path = ShopView.swift; sourceTree = "<group>"; };
		59BFBB562A7CB2BA00888F9B /* MyPageView.swift */ = {isa = PBXFileReference; lastKnownFileType = sourcecode.swift; path = MyPageView.swift; sourceTree = "<group>"; };
		59BFBB582A7CC74600888F9B /* MainView.swift */ = {isa = PBXFileReference; lastKnownFileType = sourcecode.swift; path = MainView.swift; sourceTree = "<group>"; };
		59BFBB5A2A7CE21C00888F9B /* StoryView.swift */ = {isa = PBXFileReference; lastKnownFileType = sourcecode.swift; path = StoryView.swift; sourceTree = "<group>"; };
/* End PBXFileReference section */

/* Begin PBXFrameworksBuildPhase section */
		59BFBB1A2A7A5B1C00888F9B /* Frameworks */ = {
			isa = PBXFrameworksBuildPhase;
			buildActionMask = 2147483647;
			files = (
			);
			runOnlyForDeploymentPostprocessing = 0;
		};
		59BFBB2A2A7A5B1D00888F9B /* Frameworks */ = {
			isa = PBXFrameworksBuildPhase;
			buildActionMask = 2147483647;
			files = (
			);
			runOnlyForDeploymentPostprocessing = 0;
		};
		59BFBB342A7A5B1D00888F9B /* Frameworks */ = {
			isa = PBXFrameworksBuildPhase;
			buildActionMask = 2147483647;
			files = (
			);
			runOnlyForDeploymentPostprocessing = 0;
		};
/* End PBXFrameworksBuildPhase section */

/* Begin PBXGroup section */
		59BFBB142A7A5B1C00888F9B = {
			isa = PBXGroup;
			children = (
				59BFBB1F2A7A5B1C00888F9B /* instagram_clone */,
				59BFBB302A7A5B1D00888F9B /* instagram_cloneTests */,
				59BFBB3A2A7A5B1D00888F9B /* instagram_cloneUITests */,
				59BFBB1E2A7A5B1C00888F9B /* Products */,
			);
			sourceTree = "<group>";
		};
		59BFBB1E2A7A5B1C00888F9B /* Products */ = {
			isa = PBXGroup;
			children = (
				59BFBB1D2A7A5B1C00888F9B /* instagram_clone.app */,
				59BFBB2D2A7A5B1D00888F9B /* instagram_cloneTests.xctest */,
				59BFBB372A7A5B1D00888F9B /* instagram_cloneUITests.xctest */,
			);
			name = Products;
			sourceTree = "<group>";
		};
		59BFBB1F2A7A5B1C00888F9B /* instagram_clone */ = {
			isa = PBXGroup;
			children = (
				59BFBB202A7A5B1C00888F9B /* instagram_cloneApp.swift */,
				59BFBB222A7A5B1C00888F9B /* ContentView.swift */,
				59BFBB5A2A7CE21C00888F9B /* StoryView.swift */,
				59BFBB582A7CC74600888F9B /* MainView.swift */,
				59BFBB522A7CB2A900888F9B /* ShotsView.swift */,
				59BFBB542A7CB2B200888F9B /* ShopView.swift */,
				59BFBB562A7CB2BA00888F9B /* MyPageView.swift */,
				59BFBB502A7CB29700888F9B /* SearchView.swift */,
				59BFBB242A7A5B1D00888F9B /* Assets.xcassets */,
				59BFBB262A7A5B1D00888F9B /* Preview Content */,
			);
			path = instagram_clone;
			sourceTree = "<group>";
		};
		59BFBB262A7A5B1D00888F9B /* Preview Content */ = {
			isa = PBXGroup;
			children = (
				59BFBB272A7A5B1D00888F9B /* Preview Assets.xcassets */,
			);
			path = "Preview Content";
			sourceTree = "<group>";
		};
		59BFBB302A7A5B1D00888F9B /* instagram_cloneTests */ = {
			isa = PBXGroup;
			children = (
				59BFBB312A7A5B1D00888F9B /* instagram_cloneTests.swift */,
			);
			path = instagram_cloneTests;
			sourceTree = "<group>";
		};
		59BFBB3A2A7A5B1D00888F9B /* instagram_cloneUITests */ = {
			isa = PBXGroup;
			children = (
				59BFBB3B2A7A5B1D00888F9B /* instagram_cloneUITests.swift */,
				59BFBB3D2A7A5B1D00888F9B /* instagram_cloneUITestsLaunchTests.swift */,
			);
			path = instagram_cloneUITests;
			sourceTree = "<group>";
		};
/* End PBXGroup section */

/* Begin PBXNativeTarget section */
		59BFBB1C2A7A5B1C00888F9B /* instagram_clone */ = {
			isa = PBXNativeTarget;
			buildConfigurationList = 59BFBB412A7A5B1D00888F9B /* Build configuration list for PBXNativeTarget "instagram_clone" */;
			buildPhases = (
				59BFBB192A7A5B1C00888F9B /* Sources */,
				59BFBB1A2A7A5B1C00888F9B /* Frameworks */,
				59BFBB1B2A7A5B1C00888F9B /* Resources */,
			);
			buildRules = (
			);
			dependencies = (
			);
			name = instagram_clone;
			productName = instagram_clone;
			productReference = 59BFBB1D2A7A5B1C00888F9B /* instagram_clone.app */;
			productType = "com.apple.product-type.application";
		};
		59BFBB2C2A7A5B1D00888F9B /* instagram_cloneTests */ = {
			isa = PBXNativeTarget;
			buildConfigurationList = 59BFBB442A7A5B1D00888F9B /* Build configuration list for PBXNativeTarget "instagram_cloneTests" */;
			buildPhases = (
				59BFBB292A7A5B1D00888F9B /* Sources */,
				59BFBB2A2A7A5B1D00888F9B /* Frameworks */,
				59BFBB2B2A7A5B1D00888F9B /* Resources */,
			);
			buildRules = (
			);
			dependencies = (
				59BFBB2F2A7A5B1D00888F9B /* PBXTargetDependency */,
			);
			name = instagram_cloneTests;
			productName = instagram_cloneTests;
			productReference = 59BFBB2D2A7A5B1D00888F9B /* instagram_cloneTests.xctest */;
			productType = "com.apple.product-type.bundle.unit-test";
		};
		59BFBB362A7A5B1D00888F9B /* instagram_cloneUITests */ = {
			isa = PBXNativeTarget;
			buildConfigurationList = 59BFBB472A7A5B1D00888F9B /* Build configuration list for PBXNativeTarget "instagram_cloneUITests" */;
			buildPhases = (
				59BFBB332A7A5B1D00888F9B /* Sources */,
				59BFBB342A7A5B1D00888F9B /* Frameworks */,
				59BFBB352A7A5B1D00888F9B /* Resources */,
			);
			buildRules = (
			);
			dependencies = (
				59BFBB392A7A5B1D00888F9B /* PBXTargetDependency */,
			);
			name = instagram_cloneUITests;
			productName = instagram_cloneUITests;
			productReference = 59BFBB372A7A5B1D00888F9B /* instagram_cloneUITests.xctest */;
			productType = "com.apple.product-type.bundle.ui-testing";
		};
/* End PBXNativeTarget section */

/* Begin PBXProject section */
		59BFBB152A7A5B1C00888F9B /* Project object */ = {
			isa = PBXProject;
			attributes = {
				BuildIndependentTargetsInParallel = 1;
				LastSwiftUpdateCheck = 1430;
				LastUpgradeCheck = 1430;
				TargetAttributes = {
					59BFBB1C2A7A5B1C00888F9B = {
						CreatedOnToolsVersion = 14.3.1;
					};
					59BFBB2C2A7A5B1D00888F9B = {
						CreatedOnToolsVersion = 14.3.1;
						TestTargetID = 59BFBB1C2A7A5B1C00888F9B;
					};
					59BFBB362A7A5B1D00888F9B = {
						CreatedOnToolsVersion = 14.3.1;
						TestTargetID = 59BFBB1C2A7A5B1C00888F9B;
					};
				};
			};
			buildConfigurationList = 59BFBB182A7A5B1C00888F9B /* Build configuration list for PBXProject "instagram_clone" */;
			compatibilityVersion = "Xcode 14.0";
			developmentRegion = en;
			hasScannedForEncodings = 0;
			knownRegions = (
				en,
				Base,
			);
			mainGroup = 59BFBB142A7A5B1C00888F9B;
			productRefGroup = 59BFBB1E2A7A5B1C00888F9B /* Products */;
			projectDirPath = "";
			projectRoot = "";
			targets = (
				59BFBB1C2A7A5B1C00888F9B /* instagram_clone */,
				59BFBB2C2A7A5B1D00888F9B /* instagram_cloneTests */,
				59BFBB362A7A5B1D00888F9B /* instagram_cloneUITests */,
			);
		};
/* End PBXProject section */

/* Begin PBXResourcesBuildPhase section */
		59BFBB1B2A7A5B1C00888F9B /* Resources */ = {
			isa = PBXResourcesBuildPhase;
			buildActionMask = 2147483647;
			files = (
				59BFBB282A7A5B1D00888F9B /* Preview Assets.xcassets in Resources */,
				59BFBB252A7A5B1D00888F9B /* Assets.xcassets in Resources */,
			);
			runOnlyForDeploymentPostprocessing = 0;
		};
		59BFBB2B2A7A5B1D00888F9B /* Resources */ = {
			isa = PBXResourcesBuildPhase;
			buildActionMask = 2147483647;
			files = (
			);
			runOnlyForDeploymentPostprocessing = 0;
		};
		59BFBB352A7A5B1D00888F9B /* Resources */ = {
			isa = PBXResourcesBuildPhase;
			buildActionMask = 2147483647;
			files = (
			);
			runOnlyForDeploymentPostprocessing = 0;
		};
/* End PBXResourcesBuildPhase section */

/* Begin PBXSourcesBuildPhase section */
		59BFBB192A7A5B1C00888F9B /* Sources */ = {
			isa = PBXSourcesBuildPhase;
			buildActionMask = 2147483647;
			files = (
				59BFBB572A7CB2BA00888F9B /* MyPageView.swift in Sources */,
				59BFBB592A7CC74600888F9B /* MainView.swift in Sources */,
				59BFBB552A7CB2B200888F9B /* ShopView.swift in Sources */,
				59BFBB512A7CB29700888F9B /* SearchView.swift in Sources */,
				59BFBB532A7CB2A900888F9B /* ShotsView.swift in Sources */,
				59BFBB232A7A5B1C00888F9B /* ContentView.swift in Sources */,
				59BFBB5B2A7CE21C00888F9B /* StoryView.swift in Sources */,
				59BFBB212A7A5B1C00888F9B /* instagram_cloneApp.swift in Sources */,
			);
			runOnlyForDeploymentPostprocessing = 0;
		};
		59BFBB292A7A5B1D00888F9B /* Sources */ = {
			isa = PBXSourcesBuildPhase;
			buildActionMask = 2147483647;
			files = (
				59BFBB322A7A5B1D00888F9B /* instagram_cloneTests.swift in Sources */,
			);
			runOnlyForDeploymentPostprocessing = 0;
		};
		59BFBB332A7A5B1D00888F9B /* Sources */ = {
			isa = PBXSourcesBuildPhase;
			buildActionMask = 2147483647;
			files = (
				59BFBB3C2A7A5B1D00888F9B /* instagram_cloneUITests.swift in Sources */,
				59BFBB3E2A7A5B1D00888F9B /* instagram_cloneUITestsLaunchTests.swift in Sources */,
			);
			runOnlyForDeploymentPostprocessing = 0;
		};
/* End PBXSourcesBuildPhase section */

/* Begin PBXTargetDependency section */
		59BFBB2F2A7A5B1D00888F9B /* PBXTargetDependency */ = {
			isa = PBXTargetDependency;
			target = 59BFBB1C2A7A5B1C00888F9B /* instagram_clone */;
			targetProxy = 59BFBB2E2A7A5B1D00888F9B /* PBXContainerItemProxy */;
		};
		59BFBB392A7A5B1D00888F9B /* PBXTargetDependency */ = {
			isa = PBXTargetDependency;
			target = 59BFBB1C2A7A5B1C00888F9B /* instagram_clone */;
			targetProxy = 59BFBB382A7A5B1D00888F9B /* PBXContainerItemProxy */;
		};
/* End PBXTargetDependency section */

/* Begin XCBuildConfiguration section */
		59BFBB3F2A7A5B1D00888F9B /* Debug */ = {
			isa = XCBuildConfiguration;
			buildSettings = {
				ALWAYS_SEARCH_USER_PATHS = NO;
				CLANG_ANALYZER_NONNULL = YES;
				CLANG_ANALYZER_NUMBER_OBJECT_CONVERSION = YES_AGGRESSIVE;
				CLANG_CXX_LANGUAGE_STANDARD = "gnu++20";
				CLANG_ENABLE_MODULES = YES;
				CLANG_ENABLE_OBJC_ARC = YES;
				CLANG_ENABLE_OBJC_WEAK = YES;
				CLANG_WARN_BLOCK_CAPTURE_AUTORELEASING = YES;
				CLANG_WARN_BOOL_CONVERSION = YES;
				CLANG_WARN_COMMA = YES;
				CLANG_WARN_CONSTANT_CONVERSION = YES;
				CLANG_WARN_DEPRECATED_OBJC_IMPLEMENTATIONS = YES;
				CLANG_WARN_DIRECT_OBJC_ISA_USAGE = YES_ERROR;
				CLANG_WARN_DOCUMENTATION_COMMENTS = YES;
				CLANG_WARN_EMPTY_BODY = YES;
				CLANG_WARN_ENUM_CONVERSION = YES;
				CLANG_WARN_INFINITE_RECURSION = YES;
				CLANG_WARN_INT_CONVERSION = YES;
				CLANG_WARN_NON_LITERAL_NULL_CONVERSION = YES;
				CLANG_WARN_OBJC_IMPLICIT_RETAIN_SELF = YES;
				CLANG_WARN_OBJC_LITERAL_CONVERSION = YES;
				CLANG_WARN_OBJC_ROOT_CLASS = YES_ERROR;
				CLANG_WARN_QUOTED_INCLUDE_IN_FRAMEWORK_HEADER = YES;
				CLANG_WARN_RANGE_LOOP_ANALYSIS = YES;
				CLANG_WARN_STRICT_PROTOTYPES = YES;
				CLANG_WARN_SUSPICIOUS_MOVE = YES;
				CLANG_WARN_UNGUARDED_AVAILABILITY = YES_AGGRESSIVE;
				CLANG_WARN_UNREACHABLE_CODE = YES;
				CLANG_WARN__DUPLICATE_METHOD_MATCH = YES;
				COPY_PHASE_STRIP = NO;
				DEBUG_INFORMATION_FORMAT = dwarf;
				ENABLE_STRICT_OBJC_MSGSEND = YES;
				ENABLE_TESTABILITY = YES;
				GCC_C_LANGUAGE_STANDARD = gnu11;
				GCC_DYNAMIC_NO_PIC = NO;
				GCC_NO_COMMON_BLOCKS = YES;
				GCC_OPTIMIZATION_LEVEL = 0;
				GCC_PREPROCESSOR_DEFINITIONS = (
					"DEBUG=1",
					"$(inherited)",
				);
				GCC_WARN_64_TO_32_BIT_CONVERSION = YES;
				GCC_WARN_ABOUT_RETURN_TYPE = YES_ERROR;
				GCC_WARN_UNDECLARED_SELECTOR = YES;
				GCC_WARN_UNINITIALIZED_AUTOS = YES_AGGRESSIVE;
				GCC_WARN_UNUSED_FUNCTION = YES;
				GCC_WARN_UNUSED_VARIABLE = YES;
				IPHONEOS_DEPLOYMENT_TARGET = 16.4;
				MTL_ENABLE_DEBUG_INFO = INCLUDE_SOURCE;
				MTL_FAST_MATH = YES;
				ONLY_ACTIVE_ARCH = YES;
				SDKROOT = iphoneos;
				SWIFT_ACTIVE_COMPILATION_CONDITIONS = DEBUG;
				SWIFT_OPTIMIZATION_LEVEL = "-Onone";
			};
			name = Debug;
		};
		59BFBB402A7A5B1D00888F9B /* Release */ = {
			isa = XCBuildConfiguration;
			buildSettings = {
				ALWAYS_SEARCH_USER_PATHS = NO;
				CLANG_ANALYZER_NONNULL = YES;
				CLANG_ANALYZER_NUMBER_OBJECT_CONVERSION = YES_AGGRESSIVE;
				CLANG_CXX_LANGUAGE_STANDARD = "gnu++20";
				CLANG_ENABLE_MODULES = YES;
				CLANG_ENABLE_OBJC_ARC = YES;
				CLANG_ENABLE_OBJC_WEAK = YES;
				CLANG_WARN_BLOCK_CAPTURE_AUTORELEASING = YES;
				CLANG_WARN_BOOL_CONVERSION = YES;
				CLANG_WARN_COMMA = YES;
				CLANG_WARN_CONSTANT_CONVERSION = YES;
				CLANG_WARN_DEPRECATED_OBJC_IMPLEMENTATIONS = YES;
				CLANG_WARN_DIRECT_OBJC_ISA_USAGE = YES_ERROR;
				CLANG_WARN_DOCUMENTATION_COMMENTS = YES;
				CLANG_WARN_EMPTY_BODY = YES;
				CLANG_WARN_ENUM_CONVERSION = YES;
				CLANG_WARN_INFINITE_RECURSION = YES;
				CLANG_WARN_INT_CONVERSION = YES;
				CLANG_WARN_NON_LITERAL_NULL_CONVERSION = YES;
				CLANG_WARN_OBJC_IMPLICIT_RETAIN_SELF = YES;
				CLANG_WARN_OBJC_LITERAL_CONVERSION = YES;
				CLANG_WARN_OBJC_ROOT_CLASS = YES_ERROR;
				CLANG_WARN_QUOTED_INCLUDE_IN_FRAMEWORK_HEADER = YES;
				CLANG_WARN_RANGE_LOOP_ANALYSIS = YES;
				CLANG_WARN_STRICT_PROTOTYPES = YES;
				CLANG_WARN_SUSPICIOUS_MOVE = YES;
				CLANG_WARN_UNGUARDED_AVAILABILITY = YES_AGGRESSIVE;
				CLANG_WARN_UNREACHABLE_CODE = YES;
				CLANG_WARN__DUPLICATE_METHOD_MATCH = YES;
				COPY_PHASE_STRIP = NO;
				DEBUG_INFORMATION_FORMAT = "dwarf-with-dsym";
				ENABLE_NS_ASSERTIONS = NO;
				ENABLE_STRICT_OBJC_MSGSEND = YES;
				GCC_C_LANGUAGE_STANDARD = gnu11;
				GCC_NO_COMMON_BLOCKS = YES;
				GCC_WARN_64_TO_32_BIT_CONVERSION = YES;
				GCC_WARN_ABOUT_RETURN_TYPE = YES_ERROR;
				GCC_WARN_UNDECLARED_SELECTOR = YES;
				GCC_WARN_UNINITIALIZED_AUTOS = YES_AGGRESSIVE;
				GCC_WARN_UNUSED_FUNCTION = YES;
				GCC_WARN_UNUSED_VARIABLE = YES;
				IPHONEOS_DEPLOYMENT_TARGET = 16.4;
				MTL_ENABLE_DEBUG_INFO = NO;
				MTL_FAST_MATH = YES;
				SDKROOT = iphoneos;
				SWIFT_COMPILATION_MODE = wholemodule;
				SWIFT_OPTIMIZATION_LEVEL = "-O";
				VALIDATE_PRODUCT = YES;
			};
			name = Release;
		};
		59BFBB422A7A5B1D00888F9B /* Debug */ = {
			isa = XCBuildConfiguration;
			buildSettings = {
				ASSETCATALOG_COMPILER_APPICON_NAME = AppIcon;
				ASSETCATALOG_COMPILER_GLOBAL_ACCENT_COLOR_NAME = AccentColor;
				CODE_SIGN_STYLE = Automatic;
				CURRENT_PROJECT_VERSION = 1;
				DEVELOPMENT_ASSET_PATHS = "\"instagram_clone/Preview Content\"";
				ENABLE_PREVIEWS = YES;
				GENERATE_INFOPLIST_FILE = YES;
				INFOPLIST_KEY_UIApplicationSceneManifest_Generation = YES;
				INFOPLIST_KEY_UIApplicationSupportsIndirectInputEvents = YES;
				INFOPLIST_KEY_UILaunchScreen_Generation = YES;
				INFOPLIST_KEY_UISupportedInterfaceOrientations_iPad = "UIInterfaceOrientationPortrait UIInterfaceOrientationPortraitUpsideDown UIInterfaceOrientationLandscapeLeft UIInterfaceOrientationLandscapeRight";
				INFOPLIST_KEY_UISupportedInterfaceOrientations_iPhone = "UIInterfaceOrientationPortrait UIInterfaceOrientationLandscapeLeft UIInterfaceOrientationLandscapeRight";
				LD_RUNPATH_SEARCH_PATHS = (
					"$(inherited)",
					"@executable_path/Frameworks",
				);
				MARKETING_VERSION = 1.0;
				PRODUCT_BUNDLE_IDENTIFIER = "com.hyeon.instagram-clone";
				PRODUCT_NAME = "$(TARGET_NAME)";
				SWIFT_EMIT_LOC_STRINGS = YES;
				SWIFT_VERSION = 5.0;
				TARGETED_DEVICE_FAMILY = "1,2";
			};
			name = Debug;
		};
		59BFBB432A7A5B1D00888F9B /* Release */ = {
			isa = XCBuildConfiguration;
			buildSettings = {
				ASSETCATALOG_COMPILER_APPICON_NAME = AppIcon;
				ASSETCATALOG_COMPILER_GLOBAL_ACCENT_COLOR_NAME = AccentColor;
				CODE_SIGN_STYLE = Automatic;
				CURRENT_PROJECT_VERSION = 1;
				DEVELOPMENT_ASSET_PATHS = "\"instagram_clone/Preview Content\"";
				ENABLE_PREVIEWS = YES;
				GENERATE_INFOPLIST_FILE = YES;
				INFOPLIST_KEY_UIApplicationSceneManifest_Generation = YES;
				INFOPLIST_KEY_UIApplicationSupportsIndirectInputEvents = YES;
				INFOPLIST_KEY_UILaunchScreen_Generation = YES;
				INFOPLIST_KEY_UISupportedInterfaceOrientations_iPad = "UIInterfaceOrientationPortrait UIInterfaceOrientationPortraitUpsideDown UIInterfaceOrientationLandscapeLeft UIInterfaceOrientationLandscapeRight";
				INFOPLIST_KEY_UISupportedInterfaceOrientations_iPhone = "UIInterfaceOrientationPortrait UIInterfaceOrientationLandscapeLeft UIInterfaceOrientationLandscapeRight";
				LD_RUNPATH_SEARCH_PATHS = (
					"$(inherited)",
					"@executable_path/Frameworks",
				);
				MARKETING_VERSION = 1.0;
				PRODUCT_BUNDLE_IDENTIFIER = "com.hyeon.instagram-clone";
				PRODUCT_NAME = "$(TARGET_NAME)";
				SWIFT_EMIT_LOC_STRINGS = YES;
				SWIFT_VERSION = 5.0;
				TARGETED_DEVICE_FAMILY = "1,2";
			};
			name = Release;
		};
		59BFBB452A7A5B1D00888F9B /* Debug */ = {
			isa = XCBuildConfiguration;
			buildSettings = {
				ALWAYS_EMBED_SWIFT_STANDARD_LIBRARIES = YES;
				BUNDLE_LOADER = "$(TEST_HOST)";
				CODE_SIGN_STYLE = Automatic;
				CURRENT_PROJECT_VERSION = 1;
				GENERATE_INFOPLIST_FILE = YES;
				IPHONEOS_DEPLOYMENT_TARGET = 16.4;
				MARKETING_VERSION = 1.0;
				PRODUCT_BUNDLE_IDENTIFIER = "com.hyeon.instagram-cloneTests";
				PRODUCT_NAME = "$(TARGET_NAME)";
				SWIFT_EMIT_LOC_STRINGS = NO;
				SWIFT_VERSION = 5.0;
				TARGETED_DEVICE_FAMILY = "1,2";
				TEST_HOST = "$(BUILT_PRODUCTS_DIR)/instagram_clone.app/$(BUNDLE_EXECUTABLE_FOLDER_PATH)/instagram_clone";
			};
			name = Debug;
		};
		59BFBB462A7A5B1D00888F9B /* Release */ = {
			isa = XCBuildConfiguration;
			buildSettings = {
				ALWAYS_EMBED_SWIFT_STANDARD_LIBRARIES = YES;
				BUNDLE_LOADER = "$(TEST_HOST)";
				CODE_SIGN_STYLE = Automatic;
				CURRENT_PROJECT_VERSION = 1;
				GENERATE_INFOPLIST_FILE = YES;
				IPHONEOS_DEPLOYMENT_TARGET = 16.4;
				MARKETING_VERSION = 1.0;
				PRODUCT_BUNDLE_IDENTIFIER = "com.hyeon.instagram-cloneTests";
				PRODUCT_NAME = "$(TARGET_NAME)";
				SWIFT_EMIT_LOC_STRINGS = NO;
				SWIFT_VERSION = 5.0;
				TARGETED_DEVICE_FAMILY = "1,2";
				TEST_HOST = "$(BUILT_PRODUCTS_DIR)/instagram_clone.app/$(BUNDLE_EXECUTABLE_FOLDER_PATH)/instagram_clone";
			};
			name = Release;
		};
		59BFBB482A7A5B1D00888F9B /* Debug */ = {
			isa = XCBuildConfiguration;
			buildSettings = {
				ALWAYS_EMBED_SWIFT_STANDARD_LIBRARIES = YES;
				CODE_SIGN_STYLE = Automatic;
				CURRENT_PROJECT_VERSION = 1;
				GENERATE_INFOPLIST_FILE = YES;
				MARKETING_VERSION = 1.0;
				PRODUCT_BUNDLE_IDENTIFIER = "com.hyeon.instagram-cloneUITests";
				PRODUCT_NAME = "$(TARGET_NAME)";
				SWIFT_EMIT_LOC_STRINGS = NO;
				SWIFT_VERSION = 5.0;
				TARGETED_DEVICE_FAMILY = "1,2";
				TEST_TARGET_NAME = instagram_clone;
			};
			name = Debug;
		};
		59BFBB492A7A5B1D00888F9B /* Release */ = {
			isa = XCBuildConfiguration;
			buildSettings = {
				ALWAYS_EMBED_SWIFT_STANDARD_LIBRARIES = YES;
				CODE_SIGN_STYLE = Automatic;
				CURRENT_PROJECT_VERSION = 1;
				GENERATE_INFOPLIST_FILE = YES;
				MARKETING_VERSION = 1.0;
				PRODUCT_BUNDLE_IDENTIFIER = "com.hyeon.instagram-cloneUITests";
				PRODUCT_NAME = "$(TARGET_NAME)";
				SWIFT_EMIT_LOC_STRINGS = NO;
				SWIFT_VERSION = 5.0;
				TARGETED_DEVICE_FAMILY = "1,2";
				TEST_TARGET_NAME = instagram_clone;
			};
			name = Release;
		};
/* End XCBuildConfiguration section */

/* Begin XCConfigurationList section */
		59BFBB182A7A5B1C00888F9B /* Build configuration list for PBXProject "instagram_clone" */ = {
			isa = XCConfigurationList;
			buildConfigurations = (
				59BFBB3F2A7A5B1D00888F9B /* Debug */,
				59BFBB402A7A5B1D00888F9B /* Release */,
			);
			defaultConfigurationIsVisible = 0;
			defaultConfigurationName = Release;
		};
		59BFBB412A7A5B1D00888F9B /* Build configuration list for PBXNativeTarget "instagram_clone" */ = {
			isa = XCConfigurationList;
			buildConfigurations = (
				59BFBB422A7A5B1D00888F9B /* Debug */,
				59BFBB432A7A5B1D00888F9B /* Release */,
			);
			defaultConfigurationIsVisible = 0;
			defaultConfigurationName = Release;
		};
		59BFBB442A7A5B1D00888F9B /* Build configuration list for PBXNativeTarget "instagram_cloneTests" */ = {
			isa = XCConfigurationList;
			buildConfigurations = (
				59BFBB452A7A5B1D00888F9B /* Debug */,
				59BFBB462A7A5B1D00888F9B /* Release */,
			);
			defaultConfigurationIsVisible = 0;
			defaultConfigurationName = Release;
		};
		59BFBB472A7A5B1D00888F9B /* Build configuration list for PBXNativeTarget "instagram_cloneUITests" */ = {
			isa = XCConfigurationList;
			buildConfigurations = (
				59BFBB482A7A5B1D00888F9B /* Debug */,
				59BFBB492A7A5B1D00888F9B /* Release */,
			);
			defaultConfigurationIsVisible = 0;
			defaultConfigurationName = Release;
		};
/* End XCConfigurationList section */
	};
	rootObject = 59BFBB152A7A5B1C00888F9B /* Project object */;
}
